PODS:
  - Alamofire (5.5.0)
  - PromiseKit (6.8.0):
    - PromiseKit/CorePromise (= 6.8.0)
    - PromiseKit/Foundation (= 6.8.0)
    - PromiseKit/UIKit (= 6.8.0)
  - PromiseKit/CorePromise (6.8.0)
  - PromiseKit/Foundation (6.8.0):
    - PromiseKit/CorePromise
  - PromiseKit/UIKit (6.8.0):
    - PromiseKit/CorePromise
  - R.swift (6.1.0):
    - R.swift.Library (~> 5.3.0)
  - R.swift.Library (5.3.0)
  - SwiftSignalRClient (0.9.0)

DEPENDENCIES:
  - Alamofire (= 5.5)
  - PromiseKit (= 6.8)
  - R.swift (= 6.1.0)
  - SwiftSignalRClient

SPEC REPOS:
  trunk:
    - Alamofire
    - PromiseKit
    - R.swift
    - R.swift.Library
    - SwiftSignalRClient

SPEC CHECKSUMS:
  Alamofire: 1c4fb5369c3fe93d2857c780d8bbe09f06f97e7c
  PromiseKit: 02c93833283c37ce94ef7d25de63d48d62b0754e
  R.swift: ec98ff71c4ab2f6fd01dd077e5afd15e63a4834c
  R.swift.Library: 0fc583cb55a99e28901299cc451614cad1161962
  SwiftSignalRClient: aba134f3d30f7eeb01008929e387b6e66546c7d5

PODFILE CHECKSUM: d11f447d3fee59a26155ca9b459cbda0c6dff50b

COCOAPODS: 1.11.2
